
Microsoft Visual Studio Solution File, Format Version 12.00
# Visual Studio Version 16
VisualStudioVersion = 16.0.28714.193
MinimumVisualStudioVersion = 10.0.40219.1
Project("{9A19103F-16F7-4668-BE54-9A1E7A4F7556}") = "Cocorico.Server", "Cocorico.Server\Cocorico.Server.csproj", "{B926E480-41A1-4834-BB29-7DF4F402E31B}"
EndProject
Project("{9A19103F-16F7-4668-BE54-9A1E7A4F7556}") = "Cocorico.Client", "Cocorico.Client\Cocorico.Client.csproj", "{7EFC5184-BB76-4BB4-90FA-FC68F7E1E321}"
EndProject
Project("{9A19103F-16F7-4668-BE54-9A1E7A4F7556}") = "Cocorico.Shared", "Cocorico.Shared\Cocorico.Shared.csproj", "{8B5176C3-B47B-4651-B040-9464BDD1A172}"
EndProject
Project("{FAE04EC0-301F-11D3-BF4B-00C04F79EFBC}") = "Cocorico.Server.Api", "Cocorico.Server.Api\Cocorico.Server.Api.csproj", "{7B214D7D-4F9B-4398-86E9-6B311BC4923A}"
EndProject
Project("{9A19103F-16F7-4668-BE54-9A1E7A4F7556}") = "Cocorico.Server.Api.Test", "Cocorico.Server.Api.Test\Cocorico.Server.Api.Test.csproj", "{DABD50FD-9685-4CF0-8F05-7D9499EBF443}"
EndProject
Global
	GlobalSection(SolutionConfigurationPlatforms) = preSolution
		Debug|Any CPU = Debug|Any CPU
		Release|Any CPU = Release|Any CPU
	EndGlobalSection
	GlobalSection(ProjectConfigurationPlatforms) = postSolution
		{B926E480-41A1-4834-BB29-7DF4F402E31B}.Debug|Any CPU.ActiveCfg = Debug|Any CPU
		{B926E480-41A1-4834-BB29-7DF4F402E31B}.Debug|Any CPU.Build.0 = Debug|Any CPU
		{B926E480-41A1-4834-BB29-7DF4F402E31B}.Release|Any CPU.ActiveCfg = Release|Any CPU
		{B926E480-41A1-4834-BB29-7DF4F402E31B}.Release|Any CPU.Build.0 = Release|Any CPU
		{7EFC5184-BB76-4BB4-90FA-FC68F7E1E321}.Debug|Any CPU.ActiveCfg = Debug|Any CPU
		{7EFC5184-BB76-4BB4-90FA-FC68F7E1E321}.Debug|Any CPU.Build.0 = Debug|Any CPU
		{7EFC5184-BB76-4BB4-90FA-FC68F7E1E321}.Release|Any CPU.ActiveCfg = Release|Any CPU
		{7EFC5184-BB76-4BB4-90FA-FC68F7E1E321}.Release|Any CPU.Build.0 = Release|Any CPU
		{8B5176C3-B47B-4651-B040-9464BDD1A172}.Debug|Any CPU.ActiveCfg = Debug|Any CPU
		{8B5176C3-B47B-4651-B040-9464BDD1A172}.Debug|Any CPU.Build.0 = Debug|Any CPU
		{8B5176C3-B47B-4651-B040-9464BDD1A172}.Release|Any CPU.ActiveCfg = Release|Any CPU
		{8B5176C3-B47B-4651-B040-9464BDD1A172}.Release|Any CPU.Build.0 = Release|Any CPU
		{7B214D7D-4F9B-4398-86E9-6B311BC4923A}.Debug|Any CPU.ActiveCfg = Debug|Any CPU
		{7B214D7D-4F9B-4398-86E9-6B311BC4923A}.Debug|Any CPU.Build.0 = Debug|Any CPU
		{7B214D7D-4F9B-4398-86E9-6B311BC4923A}.Release|Any CPU.ActiveCfg = Release|Any CPU
		{7B214D7D-4F9B-4398-86E9-6B311BC4923A}.Release|Any CPU.Build.0 = Release|Any CPU
		{DABD50FD-9685-4CF0-8F05-7D9499EBF443}.Debug|Any CPU.ActiveCfg = Debug|Any CPU
		{DABD50FD-9685-4CF0-8F05-7D9499EBF443}.Debug|Any CPU.Build.0 = Debug|Any CPU
		{DABD50FD-9685-4CF0-8F05-7D9499EBF443}.Release|Any CPU.ActiveCfg = Release|Any CPU
		{DABD50FD-9685-4CF0-8F05-7D9499EBF443}.Release|Any CPU.Build.0 = Release|Any CPU
	EndGlobalSection
	GlobalSection(SolutionProperties) = preSolution
		HideSolutionNode = FALSE
	EndGlobalSection
	GlobalSection(ExtensibilityGlobals) = postSolution
		SolutionGuid = {4213E10A-DDFB-42F3-B6F4-97697B42F35A}
	EndGlobalSection
EndGlobal
