
Microsoft Visual Studio Solution File, Format Version 12.00
# Visual Studio Version 16
VisualStudioVersion = 16.0.28714.193
MinimumVisualStudioVersion = 10.0.40219.1
Project("{2150E333-8FDC-42A3-9474-1A3956D46DE8}") = "Solution Items", "Solution Items", "{E1EEF9D7-A96E-459E-AF36-9806F7C2B02A}"
	ProjectSection(SolutionItems) = preProject
		.editorconfig = .editorconfig
	EndProjectSection
EndProject
Project("{9A19103F-16F7-4668-BE54-9A1E7A4F7556}") = "Cocorico.Application", "src\Cocorico.Application\Cocorico.Application.csproj", "{4D10FF61-C2BC-438B-BDB0-32F3DFBD9922}"
EndProject
Project("{9A19103F-16F7-4668-BE54-9A1E7A4F7556}") = "Cocorico.Authentication", "src\Cocorico.Authentication\Cocorico.Authentication.csproj", "{F5A7465F-B0C7-43AE-A795-CC0364219E65}"
EndProject
Project("{9A19103F-16F7-4668-BE54-9A1E7A4F7556}") = "Cocorico.Client.Application", "src\Cocorico.Client.Application\Cocorico.Client.Application.csproj", "{37234F9A-FC40-441C-89C3-3323EC57C680}"
EndProject
Project("{9A19103F-16F7-4668-BE54-9A1E7A4F7556}") = "Cocorico.Client.Blazor", "src\Cocorico.Client.Blazor\Cocorico.Client.Blazor.csproj", "{E3B0F063-B89C-4B76-A361-E9E2CDC58DDC}"
EndProject
Project("{9A19103F-16F7-4668-BE54-9A1E7A4F7556}") = "Cocorico.HttpClient", "src\Cocorico.HttpClient\Cocorico.HttpClient.csproj", "{FE112B36-81E6-4F26-AF3D-D5E0804D89E1}"
EndProject
Project("{9A19103F-16F7-4668-BE54-9A1E7A4F7556}") = "Cocorico.Persistence", "src\Cocorico.Persistence\Cocorico.Persistence.csproj", "{B10E846C-7FE0-4D3E-B9B3-1D9D1D73A1AD}"
EndProject
Project("{9A19103F-16F7-4668-BE54-9A1E7A4F7556}") = "Cocorico.Server.Restful", "src\Cocorico.Server.Restful\Cocorico.Server.Restful.csproj", "{7EE4F281-4773-474E-8D6C-DB26DC199323}"
EndProject
Project("{9A19103F-16F7-4668-BE54-9A1E7A4F7556}") = "Cocorico.Shared", "src\Cocorico.Shared\Cocorico.Shared.csproj", "{64F99C02-ECB2-4F19-963E-3361F312B0C4}"
EndProject
Project("{9A19103F-16F7-4668-BE54-9A1E7A4F7556}") = "Cocorico.Application.Tests", "tests\Cocorico.Application.Tests\Cocorico.Application.Tests.csproj", "{18073051-8D16-45F1-993A-34B58A4F0EB4}"
EndProject
Project("{2150E333-8FDC-42A3-9474-1A3956D46DE8}") = "Tests", "Tests", "{362C0F76-A67E-4107-98F1-F4B035305943}"
EndProject
Project("{2150E333-8FDC-42A3-9474-1A3956D46DE8}") = "Server", "Server", "{A1585683-6C30-4179-BCF7-5D55516F5B15}"
EndProject
Project("{2150E333-8FDC-42A3-9474-1A3956D46DE8}") = "Client", "Client", "{4002841A-C025-45A7-90CE-82D82E499154}"
EndProject
Project("{2150E333-8FDC-42A3-9474-1A3956D46DE8}") = "Common", "Common", "{75C78FA7-DA2E-4C2C-A039-FC7FD70E5336}"
EndProject
Global
	GlobalSection(SolutionConfigurationPlatforms) = preSolution
		Debug|Any CPU = Debug|Any CPU
		Release|Any CPU = Release|Any CPU
	EndGlobalSection
	GlobalSection(ProjectConfigurationPlatforms) = postSolution
		{4D10FF61-C2BC-438B-BDB0-32F3DFBD9922}.Debug|Any CPU.ActiveCfg = Debug|Any CPU
		{4D10FF61-C2BC-438B-BDB0-32F3DFBD9922}.Debug|Any CPU.Build.0 = Debug|Any CPU
		{4D10FF61-C2BC-438B-BDB0-32F3DFBD9922}.Release|Any CPU.ActiveCfg = Release|Any CPU
		{4D10FF61-C2BC-438B-BDB0-32F3DFBD9922}.Release|Any CPU.Build.0 = Release|Any CPU
		{F5A7465F-B0C7-43AE-A795-CC0364219E65}.Debug|Any CPU.ActiveCfg = Debug|Any CPU
		{F5A7465F-B0C7-43AE-A795-CC0364219E65}.Debug|Any CPU.Build.0 = Debug|Any CPU
		{F5A7465F-B0C7-43AE-A795-CC0364219E65}.Release|Any CPU.ActiveCfg = Release|Any CPU
		{F5A7465F-B0C7-43AE-A795-CC0364219E65}.Release|Any CPU.Build.0 = Release|Any CPU
		{37234F9A-FC40-441C-89C3-3323EC57C680}.Debug|Any CPU.ActiveCfg = Debug|Any CPU
		{37234F9A-FC40-441C-89C3-3323EC57C680}.Debug|Any CPU.Build.0 = Debug|Any CPU
		{37234F9A-FC40-441C-89C3-3323EC57C680}.Release|Any CPU.ActiveCfg = Release|Any CPU
		{37234F9A-FC40-441C-89C3-3323EC57C680}.Release|Any CPU.Build.0 = Release|Any CPU
		{E3B0F063-B89C-4B76-A361-E9E2CDC58DDC}.Debug|Any CPU.ActiveCfg = Debug|Any CPU
		{E3B0F063-B89C-4B76-A361-E9E2CDC58DDC}.Debug|Any CPU.Build.0 = Debug|Any CPU
		{E3B0F063-B89C-4B76-A361-E9E2CDC58DDC}.Release|Any CPU.ActiveCfg = Release|Any CPU
		{E3B0F063-B89C-4B76-A361-E9E2CDC58DDC}.Release|Any CPU.Build.0 = Release|Any CPU
		{FE112B36-81E6-4F26-AF3D-D5E0804D89E1}.Debug|Any CPU.ActiveCfg = Debug|Any CPU
		{FE112B36-81E6-4F26-AF3D-D5E0804D89E1}.Debug|Any CPU.Build.0 = Debug|Any CPU
		{FE112B36-81E6-4F26-AF3D-D5E0804D89E1}.Release|Any CPU.ActiveCfg = Release|Any CPU
		{FE112B36-81E6-4F26-AF3D-D5E0804D89E1}.Release|Any CPU.Build.0 = Release|Any CPU
		{B10E846C-7FE0-4D3E-B9B3-1D9D1D73A1AD}.Debug|Any CPU.ActiveCfg = Debug|Any CPU
		{B10E846C-7FE0-4D3E-B9B3-1D9D1D73A1AD}.Debug|Any CPU.Build.0 = Debug|Any CPU
		{B10E846C-7FE0-4D3E-B9B3-1D9D1D73A1AD}.Release|Any CPU.ActiveCfg = Release|Any CPU
		{B10E846C-7FE0-4D3E-B9B3-1D9D1D73A1AD}.Release|Any CPU.Build.0 = Release|Any CPU
		{7EE4F281-4773-474E-8D6C-DB26DC199323}.Debug|Any CPU.ActiveCfg = Debug|Any CPU
		{7EE4F281-4773-474E-8D6C-DB26DC199323}.Debug|Any CPU.Build.0 = Debug|Any CPU
		{7EE4F281-4773-474E-8D6C-DB26DC199323}.Release|Any CPU.ActiveCfg = Release|Any CPU
		{7EE4F281-4773-474E-8D6C-DB26DC199323}.Release|Any CPU.Build.0 = Release|Any CPU
		{64F99C02-ECB2-4F19-963E-3361F312B0C4}.Debug|Any CPU.ActiveCfg = Debug|Any CPU
		{64F99C02-ECB2-4F19-963E-3361F312B0C4}.Debug|Any CPU.Build.0 = Debug|Any CPU
		{64F99C02-ECB2-4F19-963E-3361F312B0C4}.Release|Any CPU.ActiveCfg = Release|Any CPU
		{64F99C02-ECB2-4F19-963E-3361F312B0C4}.Release|Any CPU.Build.0 = Release|Any CPU
		{18073051-8D16-45F1-993A-34B58A4F0EB4}.Debug|Any CPU.ActiveCfg = Debug|Any CPU
		{18073051-8D16-45F1-993A-34B58A4F0EB4}.Debug|Any CPU.Build.0 = Debug|Any CPU
		{18073051-8D16-45F1-993A-34B58A4F0EB4}.Release|Any CPU.ActiveCfg = Release|Any CPU
		{18073051-8D16-45F1-993A-34B58A4F0EB4}.Release|Any CPU.Build.0 = Release|Any CPU
	EndGlobalSection
	GlobalSection(SolutionProperties) = preSolution
		HideSolutionNode = FALSE
	EndGlobalSection
	GlobalSection(NestedProjects) = preSolution
		{4D10FF61-C2BC-438B-BDB0-32F3DFBD9922} = {A1585683-6C30-4179-BCF7-5D55516F5B15}
		{F5A7465F-B0C7-43AE-A795-CC0364219E65} = {75C78FA7-DA2E-4C2C-A039-FC7FD70E5336}
		{37234F9A-FC40-441C-89C3-3323EC57C680} = {4002841A-C025-45A7-90CE-82D82E499154}
		{E3B0F063-B89C-4B76-A361-E9E2CDC58DDC} = {4002841A-C025-45A7-90CE-82D82E499154}
		{FE112B36-81E6-4F26-AF3D-D5E0804D89E1} = {4002841A-C025-45A7-90CE-82D82E499154}
		{B10E846C-7FE0-4D3E-B9B3-1D9D1D73A1AD} = {A1585683-6C30-4179-BCF7-5D55516F5B15}
		{7EE4F281-4773-474E-8D6C-DB26DC199323} = {A1585683-6C30-4179-BCF7-5D55516F5B15}
		{64F99C02-ECB2-4F19-963E-3361F312B0C4} = {75C78FA7-DA2E-4C2C-A039-FC7FD70E5336}
		{18073051-8D16-45F1-993A-34B58A4F0EB4} = {362C0F76-A67E-4107-98F1-F4B035305943}
	EndGlobalSection
	GlobalSection(ExtensibilityGlobals) = postSolution
		SolutionGuid = {4213E10A-DDFB-42F3-B6F4-97697B42F35A}
	EndGlobalSection
EndGlobal
